
Microsoft Visual Studio Solution File, Format Version 12.00
Project("{FAE04EC0-301F-11D3-BF4B-00C04F79EFBC}") = "ProduitService", "ProduitService\ProduitService.csproj", "{FF0B0D4E-EE2F-49A0-ACD6-8A8CB2479809}"
EndProject
Project("{FAE04EC0-301F-11D3-BF4B-00C04F79EFBC}") = "CommentaireService", "CommentaireService\CommentaireService.csproj", "{46F90906-D8DC-42A5-92C1-BF7A55A7A93E}"
EndProject
Project("{FAE04EC0-301F-11D3-BF4B-00C04F79EFBC}") = "CQRS", "CQRS\CQRS.csproj", "{085959B5-B819-46A9-A851-0447092E1ADC}"
EndProject
Project("{FAE04EC0-301F-11D3-BF4B-00C04F79EFBC}") = "ApiGateway", "ApiGateway\ApiGateway.csproj", "{48618813-D44F-4680-B0C9-C84385C1C946}"
EndProject
Global
	GlobalSection(SolutionConfigurationPlatforms) = preSolution
		Debug|Any CPU = Debug|Any CPU
		Release|Any CPU = Release|Any CPU
	EndGlobalSection
	GlobalSection(ProjectConfigurationPlatforms) = postSolution
		{FF0B0D4E-EE2F-49A0-ACD6-8A8CB2479809}.Debug|Any CPU.ActiveCfg = Debug|Any CPU
		{FF0B0D4E-EE2F-49A0-ACD6-8A8CB2479809}.Debug|Any CPU.Build.0 = Debug|Any CPU
		{FF0B0D4E-EE2F-49A0-ACD6-8A8CB2479809}.Release|Any CPU.ActiveCfg = Release|Any CPU
		{FF0B0D4E-EE2F-49A0-ACD6-8A8CB2479809}.Release|Any CPU.Build.0 = Release|Any CPU
		{46F90906-D8DC-42A5-92C1-BF7A55A7A93E}.Debug|Any CPU.ActiveCfg = Debug|Any CPU
		{46F90906-D8DC-42A5-92C1-BF7A55A7A93E}.Debug|Any CPU.Build.0 = Debug|Any CPU
		{46F90906-D8DC-42A5-92C1-BF7A55A7A93E}.Release|Any CPU.ActiveCfg = Release|Any CPU
		{46F90906-D8DC-42A5-92C1-BF7A55A7A93E}.Release|Any CPU.Build.0 = Release|Any CPU
		{085959B5-B819-46A9-A851-0447092E1ADC}.Debug|Any CPU.ActiveCfg = Debug|Any CPU
		{085959B5-B819-46A9-A851-0447092E1ADC}.Debug|Any CPU.Build.0 = Debug|Any CPU
		{085959B5-B819-46A9-A851-0447092E1ADC}.Release|Any CPU.ActiveCfg = Release|Any CPU
		{085959B5-B819-46A9-A851-0447092E1ADC}.Release|Any CPU.Build.0 = Release|Any CPU
		{48618813-D44F-4680-B0C9-C84385C1C946}.Debug|Any CPU.ActiveCfg = Debug|Any CPU
		{48618813-D44F-4680-B0C9-C84385C1C946}.Debug|Any CPU.Build.0 = Debug|Any CPU
		{48618813-D44F-4680-B0C9-C84385C1C946}.Release|Any CPU.ActiveCfg = Release|Any CPU
		{48618813-D44F-4680-B0C9-C84385C1C946}.Release|Any CPU.Build.0 = Release|Any CPU
	EndGlobalSection
EndGlobal
